// !$*UTF8*$!
{
	archiveVersion = 1;
	classes = {
	};
	objectVersion = 55;
	objects = {

/* Begin PBXBuildFile section */
		BB9540BC285D74D200EC5D45 /* AppDelegate.swift in Sources */ = {isa = PBXBuildFile; fileRef = BB9540BB285D74D200EC5D45 /* AppDelegate.swift */; };
		BB9540BE285D74D200EC5D45 /* SceneDelegate.swift in Sources */ = {isa = PBXBuildFile; fileRef = BB9540BD285D74D200EC5D45 /* SceneDelegate.swift */; };
		BB9540C0285D74D200EC5D45 /* ViewController.swift in Sources */ = {isa = PBXBuildFile; fileRef = BB9540BF285D74D200EC5D45 /* ViewController.swift */; };
		BB9540C3285D74D200EC5D45 /* Main.storyboard in Resources */ = {isa = PBXBuildFile; fileRef = BB9540C1285D74D200EC5D45 /* Main.storyboard */; };
		BB9540C5285D74D300EC5D45 /* Assets.xcassets in Resources */ = {isa = PBXBuildFile; fileRef = BB9540C4285D74D300EC5D45 /* Assets.xcassets */; };
		BB9540C8285D74D300EC5D45 /* LaunchScreen.storyboard in Resources */ = {isa = PBXBuildFile; fileRef = BB9540C6285D74D300EC5D45 /* LaunchScreen.storyboard */; };
		BB9540D3285D74D300EC5D45 /* AlamofireFeatureTestTests.swift in Sources */ = {isa = PBXBuildFile; fileRef = BB9540D2285D74D300EC5D45 /* AlamofireFeatureTestTests.swift */; };
		BB9540DD285D74D300EC5D45 /* AlamofireFeatureTestUITests.swift in Sources */ = {isa = PBXBuildFile; fileRef = BB9540DC285D74D300EC5D45 /* AlamofireFeatureTestUITests.swift */; };
		BB9540DF285D74D300EC5D45 /* AlamofireFeatureTestUITestsLaunchTests.swift in Sources */ = {isa = PBXBuildFile; fileRef = BB9540DE285D74D300EC5D45 /* AlamofireFeatureTestUITestsLaunchTests.swift */; };
		BB9540ED285D75BC00EC5D45 /* Alamofire in Frameworks */ = {isa = PBXBuildFile; productRef = BB9540EC285D75BC00EC5D45 /* Alamofire */; };
		BBE11837285E4469005AAEFF /* Response.swift in Sources */ = {isa = PBXBuildFile; fileRef = BBE11836285E4469005AAEFF /* Response.swift */; };
		BBEDAAA7285ED7B200715574 /* XTypeAdapter.swift in Sources */ = {isa = PBXBuildFile; fileRef = BBEDAAA6285ED7B200715574 /* XTypeAdapter.swift */; };
		BBEDAAA9285ED7DC00715574 /* AuthenAdapter.swift in Sources */ = {isa = PBXBuildFile; fileRef = BBEDAAA8285ED7DC00715574 /* AuthenAdapter.swift */; };
		BBEDAAAC285ED91800715574 /* AppMonitor.swift in Sources */ = {isa = PBXBuildFile; fileRef = BBEDAAAB285ED91800715574 /* AppMonitor.swift */; };
		BBEDAAAF285ED96800715574 /* SynchronizedSerial.swift in Sources */ = {isa = PBXBuildFile; fileRef = BBEDAAAE285ED96800715574 /* SynchronizedSerial.swift */; };
		BBEDAAB1285ED97C00715574 /* RefreshTokenInterceptor.swift in Sources */ = {isa = PBXBuildFile; fileRef = BBEDAAB0285ED97C00715574 /* RefreshTokenInterceptor.swift */; };
		BBEDAAB4285ED9AA00715574 /* AppRoute.swift in Sources */ = {isa = PBXBuildFile; fileRef = BBEDAAB3285ED9AA00715574 /* AppRoute.swift */; };
		BBEDAAB6285ED9CE00715574 /* AppNetwork.swift in Sources */ = {isa = PBXBuildFile; fileRef = BBEDAAB5285ED9CE00715574 /* AppNetwork.swift */; };
/* End PBXBuildFile section */

/* Begin PBXContainerItemProxy section */
		BB9540CF285D74D300EC5D45 /* PBXContainerItemProxy */ = {
			isa = PBXContainerItemProxy;
			containerPortal = BB9540B0285D74D200EC5D45 /* Project object */;
			proxyType = 1;
			remoteGlobalIDString = BB9540B7285D74D200EC5D45;
			remoteInfo = AlamofireFeatureTest;
		};
		BB9540D9285D74D300EC5D45 /* PBXContainerItemProxy */ = {
			isa = PBXContainerItemProxy;
			containerPortal = BB9540B0285D74D200EC5D45 /* Project object */;
			proxyType = 1;
			remoteGlobalIDString = BB9540B7285D74D200EC5D45;
			remoteInfo = AlamofireFeatureTest;
		};
/* End PBXContainerItemProxy section */

/* Begin PBXFileReference section */
		BB9540B8285D74D200EC5D45 /* AlamofireFeatureTest.app */ = {isa = PBXFileReference; explicitFileType = wrapper.application; includeInIndex = 0; path = AlamofireFeatureTest.app; sourceTree = BUILT_PRODUCTS_DIR; };
		BB9540BB285D74D200EC5D45 /* AppDelegate.swift */ = {isa = PBXFileReference; lastKnownFileType = sourcecode.swift; path = AppDelegate.swift; sourceTree = "<group>"; };
		BB9540BD285D74D200EC5D45 /* SceneDelegate.swift */ = {isa = PBXFileReference; lastKnownFileType = sourcecode.swift; path = SceneDelegate.swift; sourceTree = "<group>"; };
		BB9540BF285D74D200EC5D45 /* ViewController.swift */ = {isa = PBXFileReference; lastKnownFileType = sourcecode.swift; path = ViewController.swift; sourceTree = "<group>"; };
		BB9540C2285D74D200EC5D45 /* Base */ = {isa = PBXFileReference; lastKnownFileType = file.storyboard; name = Base; path = Base.lproj/Main.storyboard; sourceTree = "<group>"; };
		BB9540C4285D74D300EC5D45 /* Assets.xcassets */ = {isa = PBXFileReference; lastKnownFileType = folder.assetcatalog; path = Assets.xcassets; sourceTree = "<group>"; };
		BB9540C7285D74D300EC5D45 /* Base */ = {isa = PBXFileReference; lastKnownFileType = file.storyboard; name = Base; path = Base.lproj/LaunchScreen.storyboard; sourceTree = "<group>"; };
		BB9540C9285D74D300EC5D45 /* Info.plist */ = {isa = PBXFileReference; lastKnownFileType = text.plist.xml; path = Info.plist; sourceTree = "<group>"; };
		BB9540CE285D74D300EC5D45 /* AlamofireFeatureTestTests.xctest */ = {isa = PBXFileReference; explicitFileType = wrapper.cfbundle; includeInIndex = 0; path = AlamofireFeatureTestTests.xctest; sourceTree = BUILT_PRODUCTS_DIR; };
		BB9540D2285D74D300EC5D45 /* AlamofireFeatureTestTests.swift */ = {isa = PBXFileReference; lastKnownFileType = sourcecode.swift; path = AlamofireFeatureTestTests.swift; sourceTree = "<group>"; };
		BB9540D8285D74D300EC5D45 /* AlamofireFeatureTestUITests.xctest */ = {isa = PBXFileReference; explicitFileType = wrapper.cfbundle; includeInIndex = 0; path = AlamofireFeatureTestUITests.xctest; sourceTree = BUILT_PRODUCTS_DIR; };
		BB9540DC285D74D300EC5D45 /* AlamofireFeatureTestUITests.swift */ = {isa = PBXFileReference; lastKnownFileType = sourcecode.swift; path = AlamofireFeatureTestUITests.swift; sourceTree = "<group>"; };
		BB9540DE285D74D300EC5D45 /* AlamofireFeatureTestUITestsLaunchTests.swift */ = {isa = PBXFileReference; lastKnownFileType = sourcecode.swift; path = AlamofireFeatureTestUITestsLaunchTests.swift; sourceTree = "<group>"; };
		BBE11836285E4469005AAEFF /* Response.swift */ = {isa = PBXFileReference; lastKnownFileType = sourcecode.swift; path = Response.swift; sourceTree = "<group>"; };
		BBEDAAA6285ED7B200715574 /* XTypeAdapter.swift */ = {isa = PBXFileReference; lastKnownFileType = sourcecode.swift; path = XTypeAdapter.swift; sourceTree = "<group>"; };
		BBEDAAA8285ED7DC00715574 /* AuthenAdapter.swift */ = {isa = PBXFileReference; lastKnownFileType = sourcecode.swift; path = AuthenAdapter.swift; sourceTree = "<group>"; };
		BBEDAAAB285ED91800715574 /* AppMonitor.swift */ = {isa = PBXFileReference; lastKnownFileType = sourcecode.swift; path = AppMonitor.swift; sourceTree = "<group>"; };
		BBEDAAAE285ED96800715574 /* SynchronizedSerial.swift */ = {isa = PBXFileReference; lastKnownFileType = sourcecode.swift; path = SynchronizedSerial.swift; sourceTree = "<group>"; };
		BBEDAAB0285ED97C00715574 /* RefreshTokenInterceptor.swift */ = {isa = PBXFileReference; lastKnownFileType = sourcecode.swift; path = RefreshTokenInterceptor.swift; sourceTree = "<group>"; };
		BBEDAAB3285ED9AA00715574 /* AppRoute.swift */ = {isa = PBXFileReference; lastKnownFileType = sourcecode.swift; path = AppRoute.swift; sourceTree = "<group>"; };
		BBEDAAB5285ED9CE00715574 /* AppNetwork.swift */ = {isa = PBXFileReference; lastKnownFileType = sourcecode.swift; path = AppNetwork.swift; sourceTree = "<group>"; };
/* End PBXFileReference section */

/* Begin PBXFrameworksBuildPhase section */
		BB9540B5285D74D200EC5D45 /* Frameworks */ = {
			isa = PBXFrameworksBuildPhase;
			buildActionMask = 2147483647;
			files = (
				BB9540ED285D75BC00EC5D45 /* Alamofire in Frameworks */,
			);
			runOnlyForDeploymentPostprocessing = 0;
		};
		BB9540CB285D74D300EC5D45 /* Frameworks */ = {
			isa = PBXFrameworksBuildPhase;
			buildActionMask = 2147483647;
			files = (
			);
			runOnlyForDeploymentPostprocessing = 0;
		};
		BB9540D5285D74D300EC5D45 /* Frameworks */ = {
			isa = PBXFrameworksBuildPhase;
			buildActionMask = 2147483647;
			files = (
			);
			runOnlyForDeploymentPostprocessing = 0;
		};
/* End PBXFrameworksBuildPhase section */

/* Begin PBXGroup section */
		BB9540AF285D74D200EC5D45 = {
			isa = PBXGroup;
			children = (
				BB9540BA285D74D200EC5D45 /* AlamofireFeatureTest */,
				BB9540D1285D74D300EC5D45 /* AlamofireFeatureTestTests */,
				BB9540DB285D74D300EC5D45 /* AlamofireFeatureTestUITests */,
				BB9540B9285D74D200EC5D45 /* Products */,
			);
			sourceTree = "<group>";
		};
		BB9540B9285D74D200EC5D45 /* Products */ = {
			isa = PBXGroup;
			children = (
				BB9540B8285D74D200EC5D45 /* AlamofireFeatureTest.app */,
				BB9540CE285D74D300EC5D45 /* AlamofireFeatureTestTests.xctest */,
				BB9540D8285D74D300EC5D45 /* AlamofireFeatureTestUITests.xctest */,
			);
			name = Products;
			sourceTree = "<group>";
		};
		BB9540BA285D74D200EC5D45 /* AlamofireFeatureTest */ = {
			isa = PBXGroup;
			children = (
				BBEDAAB7285EDA0100715574 /* Model */,
				BBEDAAAD285ED95E00715574 /* Tools */,
				BBEDAAA3285ED71D00715574 /* Networking */,
				BB9540BB285D74D200EC5D45 /* AppDelegate.swift */,
				BB9540BD285D74D200EC5D45 /* SceneDelegate.swift */,
				BB9540BF285D74D200EC5D45 /* ViewController.swift */,
				BB9540C1285D74D200EC5D45 /* Main.storyboard */,
				BB9540C4285D74D300EC5D45 /* Assets.xcassets */,
				BB9540C6285D74D300EC5D45 /* LaunchScreen.storyboard */,
				BB9540C9285D74D300EC5D45 /* Info.plist */,
			);
			path = AlamofireFeatureTest;
			sourceTree = "<group>";
		};
		BB9540D1285D74D300EC5D45 /* AlamofireFeatureTestTests */ = {
			isa = PBXGroup;
			children = (
				BB9540D2285D74D300EC5D45 /* AlamofireFeatureTestTests.swift */,
			);
			path = AlamofireFeatureTestTests;
			sourceTree = "<group>";
		};
		BB9540DB285D74D300EC5D45 /* AlamofireFeatureTestUITests */ = {
			isa = PBXGroup;
			children = (
				BB9540DC285D74D300EC5D45 /* AlamofireFeatureTestUITests.swift */,
				BB9540DE285D74D300EC5D45 /* AlamofireFeatureTestUITestsLaunchTests.swift */,
			);
			path = AlamofireFeatureTestUITests;
			sourceTree = "<group>";
		};
		BBEDAAA3285ED71D00715574 /* Networking */ = {
			isa = PBXGroup;
			children = (
				BBEDAAB2285ED9A000715574 /* AppRoute */,
				BBEDAAAA285ED90B00715574 /* EventMonitor */,
				BBEDAAA5285ED7A000715574 /* Interceptor */,
				BBEDAAB5285ED9CE00715574 /* AppNetwork.swift */,
			);
			path = Networking;
			sourceTree = "<group>";
		};
		BBEDAAA5285ED7A000715574 /* Interceptor */ = {
			isa = PBXGroup;
			children = (
				BBEDAAA6285ED7B200715574 /* XTypeAdapter.swift */,
				BBEDAAA8285ED7DC00715574 /* AuthenAdapter.swift */,
				BBEDAAB0285ED97C00715574 /* RefreshTokenInterceptor.swift */,
			);
			path = Interceptor;
			sourceTree = "<group>";
		};
		BBEDAAAA285ED90B00715574 /* EventMonitor */ = {
			isa = PBXGroup;
			children = (
				BBEDAAAB285ED91800715574 /* AppMonitor.swift */,
			);
			path = EventMonitor;
			sourceTree = "<group>";
		};
		BBEDAAAD285ED95E00715574 /* Tools */ = {
			isa = PBXGroup;
			children = (
				BBEDAAAE285ED96800715574 /* SynchronizedSerial.swift */,
			);
			path = Tools;
			sourceTree = "<group>";
		};
		BBEDAAB2285ED9A000715574 /* AppRoute */ = {
			isa = PBXGroup;
			children = (
				BBEDAAB3285ED9AA00715574 /* AppRoute.swift */,
			);
			path = AppRoute;
			sourceTree = "<group>";
		};
		BBEDAAB7285EDA0100715574 /* Model */ = {
			isa = PBXGroup;
			children = (
				BBE11836285E4469005AAEFF /* Response.swift */,
			);
			path = Model;
			sourceTree = "<group>";
		};
/* End PBXGroup section */

/* Begin PBXNativeTarget section */
		BB9540B7285D74D200EC5D45 /* AlamofireFeatureTest */ = {
			isa = PBXNativeTarget;
			buildConfigurationList = BB9540E2285D74D300EC5D45 /* Build configuration list for PBXNativeTarget "AlamofireFeatureTest" */;
			buildPhases = (
				BB9540B4285D74D200EC5D45 /* Sources */,
				BB9540B5285D74D200EC5D45 /* Frameworks */,
				BB9540B6285D74D200EC5D45 /* Resources */,
			);
			buildRules = (
			);
			dependencies = (
			);
			name = AlamofireFeatureTest;
			packageProductDependencies = (
				BB9540EC285D75BC00EC5D45 /* Alamofire */,
			);
			productName = AlamofireFeatureTest;
			productReference = BB9540B8285D74D200EC5D45 /* AlamofireFeatureTest.app */;
			productType = "com.apple.product-type.application";
		};
		BB9540CD285D74D300EC5D45 /* AlamofireFeatureTestTests */ = {
			isa = PBXNativeTarget;
			buildConfigurationList = BB9540E5285D74D300EC5D45 /* Build configuration list for PBXNativeTarget "AlamofireFeatureTestTests" */;
			buildPhases = (
				BB9540CA285D74D300EC5D45 /* Sources */,
				BB9540CB285D74D300EC5D45 /* Frameworks */,
				BB9540CC285D74D300EC5D45 /* Resources */,
			);
			buildRules = (
			);
			dependencies = (
				BB9540D0285D74D300EC5D45 /* PBXTargetDependency */,
			);
			name = AlamofireFeatureTestTests;
			productName = AlamofireFeatureTestTests;
			productReference = BB9540CE285D74D300EC5D45 /* AlamofireFeatureTestTests.xctest */;
			productType = "com.apple.product-type.bundle.unit-test";
		};
		BB9540D7285D74D300EC5D45 /* AlamofireFeatureTestUITests */ = {
			isa = PBXNativeTarget;
			buildConfigurationList = BB9540E8285D74D300EC5D45 /* Build configuration list for PBXNativeTarget "AlamofireFeatureTestUITests" */;
			buildPhases = (
				BB9540D4285D74D300EC5D45 /* Sources */,
				BB9540D5285D74D300EC5D45 /* Frameworks */,
				BB9540D6285D74D300EC5D45 /* Resources */,
			);
			buildRules = (
			);
			dependencies = (
				BB9540DA285D74D300EC5D45 /* PBXTargetDependency */,
			);
			name = AlamofireFeatureTestUITests;
			productName = AlamofireFeatureTestUITests;
			productReference = BB9540D8285D74D300EC5D45 /* AlamofireFeatureTestUITests.xctest */;
			productType = "com.apple.product-type.bundle.ui-testing";
		};
/* End PBXNativeTarget section */

/* Begin PBXProject section */
		BB9540B0285D74D200EC5D45 /* Project object */ = {
			isa = PBXProject;
			attributes = {
				BuildIndependentTargetsInParallel = 1;
				LastSwiftUpdateCheck = 1320;
				LastUpgradeCheck = 1320;
				TargetAttributes = {
					BB9540B7285D74D200EC5D45 = {
						CreatedOnToolsVersion = 13.2.1;
					};
					BB9540CD285D74D300EC5D45 = {
						CreatedOnToolsVersion = 13.2.1;
						TestTargetID = BB9540B7285D74D200EC5D45;
					};
					BB9540D7285D74D300EC5D45 = {
						CreatedOnToolsVersion = 13.2.1;
						TestTargetID = BB9540B7285D74D200EC5D45;
					};
				};
			};
			buildConfigurationList = BB9540B3285D74D200EC5D45 /* Build configuration list for PBXProject "AlamofireFeatureTest" */;
			compatibilityVersion = "Xcode 13.0";
			developmentRegion = en;
			hasScannedForEncodings = 0;
			knownRegions = (
				en,
				Base,
			);
			mainGroup = BB9540AF285D74D200EC5D45;
			packageReferences = (
				BB9540EB285D75BC00EC5D45 /* XCRemoteSwiftPackageReference "Alamofire" */,
			);
			productRefGroup = BB9540B9285D74D200EC5D45 /* Products */;
			projectDirPath = "";
			projectRoot = "";
			targets = (
				BB9540B7285D74D200EC5D45 /* AlamofireFeatureTest */,
				BB9540CD285D74D300EC5D45 /* AlamofireFeatureTestTests */,
				BB9540D7285D74D300EC5D45 /* AlamofireFeatureTestUITests */,
			);
		};
/* End PBXProject section */

/* Begin PBXResourcesBuildPhase section */
		BB9540B6285D74D200EC5D45 /* Resources */ = {
			isa = PBXResourcesBuildPhase;
			buildActionMask = 2147483647;
			files = (
				BB9540C8285D74D300EC5D45 /* LaunchScreen.storyboard in Resources */,
				BB9540C5285D74D300EC5D45 /* Assets.xcassets in Resources */,
				BB9540C3285D74D200EC5D45 /* Main.storyboard in Resources */,
			);
			runOnlyForDeploymentPostprocessing = 0;
		};
		BB9540CC285D74D300EC5D45 /* Resources */ = {
			isa = PBXResourcesBuildPhase;
			buildActionMask = 2147483647;
			files = (
			);
			runOnlyForDeploymentPostprocessing = 0;
		};
		BB9540D6285D74D300EC5D45 /* Resources */ = {
			isa = PBXResourcesBuildPhase;
			buildActionMask = 2147483647;
			files = (
			);
			runOnlyForDeploymentPostprocessing = 0;
		};
/* End PBXResourcesBuildPhase section */

/* Begin PBXSourcesBuildPhase section */
		BB9540B4285D74D200EC5D45 /* Sources */ = {
			isa = PBXSourcesBuildPhase;
			buildActionMask = 2147483647;
			files = (
				BBEDAAB6285ED9CE00715574 /* AppNetwork.swift in Sources */,
				BBEDAAA9285ED7DC00715574 /* AuthenAdapter.swift in Sources */,
				BBE11837285E4469005AAEFF /* Response.swift in Sources */,
				BB9540C0285D74D200EC5D45 /* ViewController.swift in Sources */,
				BBEDAAAF285ED96800715574 /* SynchronizedSerial.swift in Sources */,
				BB9540BC285D74D200EC5D45 /* AppDelegate.swift in Sources */,
				BBEDAAB1285ED97C00715574 /* RefreshTokenInterceptor.swift in Sources */,
				BB9540BE285D74D200EC5D45 /* SceneDelegate.swift in Sources */,
				BBEDAAA7285ED7B200715574 /* XTypeAdapter.swift in Sources */,
				BBEDAAAC285ED91800715574 /* AppMonitor.swift in Sources */,
				BBEDAAB4285ED9AA00715574 /* AppRoute.swift in Sources */,
			);
			runOnlyForDeploymentPostprocessing = 0;
		};
		BB9540CA285D74D300EC5D45 /* Sources */ = {
			isa = PBXSourcesBuildPhase;
			buildActionMask = 2147483647;
			files = (
				BB9540D3285D74D300EC5D45 /* AlamofireFeatureTestTests.swift in Sources */,
			);
			runOnlyForDeploymentPostprocessing = 0;
		};
		BB9540D4285D74D300EC5D45 /* Sources */ = {
			isa = PBXSourcesBuildPhase;
			buildActionMask = 2147483647;
			files = (
				BB9540DF285D74D300EC5D45 /* AlamofireFeatureTestUITestsLaunchTests.swift in Sources */,
				BB9540DD285D74D300EC5D45 /* AlamofireFeatureTestUITests.swift in Sources */,
			);
			runOnlyForDeploymentPostprocessing = 0;
		};
/* End PBXSourcesBuildPhase section */

/* Begin PBXTargetDependency section */
		BB9540D0285D74D300EC5D45 /* PBXTargetDependency */ = {
			isa = PBXTargetDependency;
			target = BB9540B7285D74D200EC5D45 /* AlamofireFeatureTest */;
			targetProxy = BB9540CF285D74D300EC5D45 /* PBXContainerItemProxy */;
		};
		BB9540DA285D74D300EC5D45 /* PBXTargetDependency */ = {
			isa = PBXTargetDependency;
			target = BB9540B7285D74D200EC5D45 /* AlamofireFeatureTest */;
			targetProxy = BB9540D9285D74D300EC5D45 /* PBXContainerItemProxy */;
		};
/* End PBXTargetDependency section */

/* Begin PBXVariantGroup section */
		BB9540C1285D74D200EC5D45 /* Main.storyboard */ = {
			isa = PBXVariantGroup;
			children = (
				BB9540C2285D74D200EC5D45 /* Base */,
			);
			name = Main.storyboard;
			sourceTree = "<group>";
		};
		BB9540C6285D74D300EC5D45 /* LaunchScreen.storyboard */ = {
			isa = PBXVariantGroup;
			children = (
				BB9540C7285D74D300EC5D45 /* Base */,
			);
			name = LaunchScreen.storyboard;
			sourceTree = "<group>";
		};
/* End PBXVariantGroup section */

/* Begin XCBuildConfiguration section */
		BB9540E0285D74D300EC5D45 /* Debug */ = {
			isa = XCBuildConfiguration;
			buildSettings = {
				ALWAYS_SEARCH_USER_PATHS = NO;
				CLANG_ANALYZER_NONNULL = YES;
				CLANG_ANALYZER_NUMBER_OBJECT_CONVERSION = YES_AGGRESSIVE;
				CLANG_CXX_LANGUAGE_STANDARD = "gnu++17";
				CLANG_CXX_LIBRARY = "libc++";
				CLANG_ENABLE_MODULES = YES;
				CLANG_ENABLE_OBJC_ARC = YES;
				CLANG_ENABLE_OBJC_WEAK = YES;
				CLANG_WARN_BLOCK_CAPTURE_AUTORELEASING = YES;
				CLANG_WARN_BOOL_CONVERSION = YES;
				CLANG_WARN_COMMA = YES;
				CLANG_WARN_CONSTANT_CONVERSION = YES;
				CLANG_WARN_DEPRECATED_OBJC_IMPLEMENTATIONS = YES;
				CLANG_WARN_DIRECT_OBJC_ISA_USAGE = YES_ERROR;
				CLANG_WARN_DOCUMENTATION_COMMENTS = YES;
				CLANG_WARN_EMPTY_BODY = YES;
				CLANG_WARN_ENUM_CONVERSION = YES;
				CLANG_WARN_INFINITE_RECURSION = YES;
				CLANG_WARN_INT_CONVERSION = YES;
				CLANG_WARN_NON_LITERAL_NULL_CONVERSION = YES;
				CLANG_WARN_OBJC_IMPLICIT_RETAIN_SELF = YES;
				CLANG_WARN_OBJC_LITERAL_CONVERSION = YES;
				CLANG_WARN_OBJC_ROOT_CLASS = YES_ERROR;
				CLANG_WARN_QUOTED_INCLUDE_IN_FRAMEWORK_HEADER = YES;
				CLANG_WARN_RANGE_LOOP_ANALYSIS = YES;
				CLANG_WARN_STRICT_PROTOTYPES = YES;
				CLANG_WARN_SUSPICIOUS_MOVE = YES;
				CLANG_WARN_UNGUARDED_AVAILABILITY = YES_AGGRESSIVE;
				CLANG_WARN_UNREACHABLE_CODE = YES;
				CLANG_WARN__DUPLICATE_METHOD_MATCH = YES;
				COPY_PHASE_STRIP = NO;
				DEBUG_INFORMATION_FORMAT = dwarf;
				ENABLE_STRICT_OBJC_MSGSEND = YES;
				ENABLE_TESTABILITY = YES;
				GCC_C_LANGUAGE_STANDARD = gnu11;
				GCC_DYNAMIC_NO_PIC = NO;
				GCC_NO_COMMON_BLOCKS = YES;
				GCC_OPTIMIZATION_LEVEL = 0;
				GCC_PREPROCESSOR_DEFINITIONS = (
					"DEBUG=1",
					"$(inherited)",
				);
				GCC_WARN_64_TO_32_BIT_CONVERSION = YES;
				GCC_WARN_ABOUT_RETURN_TYPE = YES_ERROR;
				GCC_WARN_UNDECLARED_SELECTOR = YES;
				GCC_WARN_UNINITIALIZED_AUTOS = YES_AGGRESSIVE;
				GCC_WARN_UNUSED_FUNCTION = YES;
				GCC_WARN_UNUSED_VARIABLE = YES;
				IPHONEOS_DEPLOYMENT_TARGET = 15.2;
				MTL_ENABLE_DEBUG_INFO = INCLUDE_SOURCE;
				MTL_FAST_MATH = YES;
				ONLY_ACTIVE_ARCH = YES;
				SDKROOT = iphoneos;
				SWIFT_ACTIVE_COMPILATION_CONDITIONS = DEBUG;
				SWIFT_OPTIMIZATION_LEVEL = "-Onone";
			};
			name = Debug;
		};
		BB9540E1285D74D300EC5D45 /* Release */ = {
			isa = XCBuildConfiguration;
			buildSettings = {
				ALWAYS_SEARCH_USER_PATHS = NO;
				CLANG_ANALYZER_NONNULL = YES;
				CLANG_ANALYZER_NUMBER_OBJECT_CONVERSION = YES_AGGRESSIVE;
				CLANG_CXX_LANGUAGE_STANDARD = "gnu++17";
				CLANG_CXX_LIBRARY = "libc++";
				CLANG_ENABLE_MODULES = YES;
				CLANG_ENABLE_OBJC_ARC = YES;
				CLANG_ENABLE_OBJC_WEAK = YES;
				CLANG_WARN_BLOCK_CAPTURE_AUTORELEASING = YES;
				CLANG_WARN_BOOL_CONVERSION = YES;
				CLANG_WARN_COMMA = YES;
				CLANG_WARN_CONSTANT_CONVERSION = YES;
				CLANG_WARN_DEPRECATED_OBJC_IMPLEMENTATIONS = YES;
				CLANG_WARN_DIRECT_OBJC_ISA_USAGE = YES_ERROR;
				CLANG_WARN_DOCUMENTATION_COMMENTS = YES;
				CLANG_WARN_EMPTY_BODY = YES;
				CLANG_WARN_ENUM_CONVERSION = YES;
				CLANG_WARN_INFINITE_RECURSION = YES;
				CLANG_WARN_INT_CONVERSION = YES;
				CLANG_WARN_NON_LITERAL_NULL_CONVERSION = YES;
				CLANG_WARN_OBJC_IMPLICIT_RETAIN_SELF = YES;
				CLANG_WARN_OBJC_LITERAL_CONVERSION = YES;
				CLANG_WARN_OBJC_ROOT_CLASS = YES_ERROR;
				CLANG_WARN_QUOTED_INCLUDE_IN_FRAMEWORK_HEADER = YES;
				CLANG_WARN_RANGE_LOOP_ANALYSIS = YES;
				CLANG_WARN_STRICT_PROTOTYPES = YES;
				CLANG_WARN_SUSPICIOUS_MOVE = YES;
				CLANG_WARN_UNGUARDED_AVAILABILITY = YES_AGGRESSIVE;
				CLANG_WARN_UNREACHABLE_CODE = YES;
				CLANG_WARN__DUPLICATE_METHOD_MATCH = YES;
				COPY_PHASE_STRIP = NO;
				DEBUG_INFORMATION_FORMAT = "dwarf-with-dsym";
				ENABLE_NS_ASSERTIONS = NO;
				ENABLE_STRICT_OBJC_MSGSEND = YES;
				GCC_C_LANGUAGE_STANDARD = gnu11;
				GCC_NO_COMMON_BLOCKS = YES;
				GCC_WARN_64_TO_32_BIT_CONVERSION = YES;
				GCC_WARN_ABOUT_RETURN_TYPE = YES_ERROR;
				GCC_WARN_UNDECLARED_SELECTOR = YES;
				GCC_WARN_UNINITIALIZED_AUTOS = YES_AGGRESSIVE;
				GCC_WARN_UNUSED_FUNCTION = YES;
				GCC_WARN_UNUSED_VARIABLE = YES;
				IPHONEOS_DEPLOYMENT_TARGET = 15.2;
				MTL_ENABLE_DEBUG_INFO = NO;
				MTL_FAST_MATH = YES;
				SDKROOT = iphoneos;
				SWIFT_COMPILATION_MODE = wholemodule;
				SWIFT_OPTIMIZATION_LEVEL = "-O";
				VALIDATE_PRODUCT = YES;
			};
			name = Release;
		};
		BB9540E3285D74D300EC5D45 /* Debug */ = {
			isa = XCBuildConfiguration;
			buildSettings = {
				ASSETCATALOG_COMPILER_APPICON_NAME = AppIcon;
				ASSETCATALOG_COMPILER_GLOBAL_ACCENT_COLOR_NAME = AccentColor;
				CODE_SIGN_STYLE = Automatic;
				CURRENT_PROJECT_VERSION = 1;
				GENERATE_INFOPLIST_FILE = YES;
				INFOPLIST_FILE = AlamofireFeatureTest/Info.plist;
				INFOPLIST_KEY_UIApplicationSupportsIndirectInputEvents = YES;
				INFOPLIST_KEY_UILaunchStoryboardName = LaunchScreen;
				INFOPLIST_KEY_UIMainStoryboardFile = Main;
				INFOPLIST_KEY_UISupportedInterfaceOrientations_iPad = "UIInterfaceOrientationPortrait UIInterfaceOrientationPortraitUpsideDown UIInterfaceOrientationLandscapeLeft UIInterfaceOrientationLandscapeRight";
				INFOPLIST_KEY_UISupportedInterfaceOrientations_iPhone = "UIInterfaceOrientationPortrait UIInterfaceOrientationLandscapeLeft UIInterfaceOrientationLandscapeRight";
				LD_RUNPATH_SEARCH_PATHS = (
					"$(inherited)",
					"@executable_path/Frameworks",
				);
				MARKETING_VERSION = 1.0;
				PRODUCT_BUNDLE_IDENTIFIER = com.manhpham.AlamofireFeatureTest;
				PRODUCT_NAME = "$(TARGET_NAME)";
				SWIFT_EMIT_LOC_STRINGS = YES;
				SWIFT_VERSION = 5.0;
				TARGETED_DEVICE_FAMILY = "1,2";
			};
			name = Debug;
		};
		BB9540E4285D74D300EC5D45 /* Release */ = {
			isa = XCBuildConfiguration;
			buildSettings = {
				ASSETCATALOG_COMPILER_APPICON_NAME = AppIcon;
				ASSETCATALOG_COMPILER_GLOBAL_ACCENT_COLOR_NAME = AccentColor;
				CODE_SIGN_STYLE = Automatic;
				CURRENT_PROJECT_VERSION = 1;
				GENERATE_INFOPLIST_FILE = YES;
				INFOPLIST_FILE = AlamofireFeatureTest/Info.plist;
				INFOPLIST_KEY_UIApplicationSupportsIndirectInputEvents = YES;
				INFOPLIST_KEY_UILaunchStoryboardName = LaunchScreen;
				INFOPLIST_KEY_UIMainStoryboardFile = Main;
				INFOPLIST_KEY_UISupportedInterfaceOrientations_iPad = "UIInterfaceOrientationPortrait UIInterfaceOrientationPortraitUpsideDown UIInterfaceOrientationLandscapeLeft UIInterfaceOrientationLandscapeRight";
				INFOPLIST_KEY_UISupportedInterfaceOrientations_iPhone = "UIInterfaceOrientationPortrait UIInterfaceOrientationLandscapeLeft UIInterfaceOrientationLandscapeRight";
				LD_RUNPATH_SEARCH_PATHS = (
					"$(inherited)",
					"@executable_path/Frameworks",
				);
				MARKETING_VERSION = 1.0;
				PRODUCT_BUNDLE_IDENTIFIER = com.manhpham.AlamofireFeatureTest;
				PRODUCT_NAME = "$(TARGET_NAME)";
				SWIFT_EMIT_LOC_STRINGS = YES;
				SWIFT_VERSION = 5.0;
				TARGETED_DEVICE_FAMILY = "1,2";
			};
			name = Release;
		};
		BB9540E6285D74D300EC5D45 /* Debug */ = {
			isa = XCBuildConfiguration;
			buildSettings = {
				ALWAYS_EMBED_SWIFT_STANDARD_LIBRARIES = YES;
				BUNDLE_LOADER = "$(TEST_HOST)";
				CODE_SIGN_STYLE = Automatic;
				CURRENT_PROJECT_VERSION = 1;
				GENERATE_INFOPLIST_FILE = YES;
				IPHONEOS_DEPLOYMENT_TARGET = 15.2;
				MARKETING_VERSION = 1.0;
				PRODUCT_BUNDLE_IDENTIFIER = com.manhpham.AlamofireFeatureTestTests;
				PRODUCT_NAME = "$(TARGET_NAME)";
				SWIFT_EMIT_LOC_STRINGS = NO;
				SWIFT_VERSION = 5.0;
				TARGETED_DEVICE_FAMILY = "1,2";
				TEST_HOST = "$(BUILT_PRODUCTS_DIR)/AlamofireFeatureTest.app/AlamofireFeatureTest";
			};
			name = Debug;
		};
		BB9540E7285D74D300EC5D45 /* Release */ = {
			isa = XCBuildConfiguration;
			buildSettings = {
				ALWAYS_EMBED_SWIFT_STANDARD_LIBRARIES = YES;
				BUNDLE_LOADER = "$(TEST_HOST)";
				CODE_SIGN_STYLE = Automatic;
				CURRENT_PROJECT_VERSION = 1;
				GENERATE_INFOPLIST_FILE = YES;
				IPHONEOS_DEPLOYMENT_TARGET = 15.2;
				MARKETING_VERSION = 1.0;
				PRODUCT_BUNDLE_IDENTIFIER = com.manhpham.AlamofireFeatureTestTests;
				PRODUCT_NAME = "$(TARGET_NAME)";
				SWIFT_EMIT_LOC_STRINGS = NO;
				SWIFT_VERSION = 5.0;
				TARGETED_DEVICE_FAMILY = "1,2";
				TEST_HOST = "$(BUILT_PRODUCTS_DIR)/AlamofireFeatureTest.app/AlamofireFeatureTest";
			};
			name = Release;
		};
		BB9540E9285D74D300EC5D45 /* Debug */ = {
			isa = XCBuildConfiguration;
			buildSettings = {
				ALWAYS_EMBED_SWIFT_STANDARD_LIBRARIES = YES;
				CODE_SIGN_STYLE = Automatic;
				CURRENT_PROJECT_VERSION = 1;
				GENERATE_INFOPLIST_FILE = YES;
				MARKETING_VERSION = 1.0;
				PRODUCT_BUNDLE_IDENTIFIER = com.manhpham.AlamofireFeatureTestUITests;
				PRODUCT_NAME = "$(TARGET_NAME)";
				SWIFT_EMIT_LOC_STRINGS = NO;
				SWIFT_VERSION = 5.0;
				TARGETED_DEVICE_FAMILY = "1,2";
				TEST_TARGET_NAME = AlamofireFeatureTest;
			};
			name = Debug;
		};
		BB9540EA285D74D300EC5D45 /* Release */ = {
			isa = XCBuildConfiguration;
			buildSettings = {
				ALWAYS_EMBED_SWIFT_STANDARD_LIBRARIES = YES;
				CODE_SIGN_STYLE = Automatic;
				CURRENT_PROJECT_VERSION = 1;
				GENERATE_INFOPLIST_FILE = YES;
				MARKETING_VERSION = 1.0;
				PRODUCT_BUNDLE_IDENTIFIER = com.manhpham.AlamofireFeatureTestUITests;
				PRODUCT_NAME = "$(TARGET_NAME)";
				SWIFT_EMIT_LOC_STRINGS = NO;
				SWIFT_VERSION = 5.0;
				TARGETED_DEVICE_FAMILY = "1,2";
				TEST_TARGET_NAME = AlamofireFeatureTest;
			};
			name = Release;
		};
/* End XCBuildConfiguration section */

/* Begin XCConfigurationList section */
		BB9540B3285D74D200EC5D45 /* Build configuration list for PBXProject "AlamofireFeatureTest" */ = {
			isa = XCConfigurationList;
			buildConfigurations = (
				BB9540E0285D74D300EC5D45 /* Debug */,
				BB9540E1285D74D300EC5D45 /* Release */,
			);
			defaultConfigurationIsVisible = 0;
			defaultConfigurationName = Release;
		};
		BB9540E2285D74D300EC5D45 /* Build configuration list for PBXNativeTarget "AlamofireFeatureTest" */ = {
			isa = XCConfigurationList;
			buildConfigurations = (
				BB9540E3285D74D300EC5D45 /* Debug */,
				BB9540E4285D74D300EC5D45 /* Release */,
			);
			defaultConfigurationIsVisible = 0;
			defaultConfigurationName = Release;
		};
		BB9540E5285D74D300EC5D45 /* Build configuration list for PBXNativeTarget "AlamofireFeatureTestTests" */ = {
			isa = XCConfigurationList;
			buildConfigurations = (
				BB9540E6285D74D300EC5D45 /* Debug */,
				BB9540E7285D74D300EC5D45 /* Release */,
			);
			defaultConfigurationIsVisible = 0;
			defaultConfigurationName = Release;
		};
		BB9540E8285D74D300EC5D45 /* Build configuration list for PBXNativeTarget "AlamofireFeatureTestUITests" */ = {
			isa = XCConfigurationList;
			buildConfigurations = (
				BB9540E9285D74D300EC5D45 /* Debug */,
				BB9540EA285D74D300EC5D45 /* Release */,
			);
			defaultConfigurationIsVisible = 0;
			defaultConfigurationName = Release;
		};
/* End XCConfigurationList section */

/* Begin XCRemoteSwiftPackageReference section */
		BB9540EB285D75BC00EC5D45 /* XCRemoteSwiftPackageReference "Alamofire" */ = {
			isa = XCRemoteSwiftPackageReference;
			repositoryURL = "https://github.com/Alamofire/Alamofire";
			requirement = {
				kind = upToNextMajorVersion;
				minimumVersion = 5.0.0;
			};
		};
/* End XCRemoteSwiftPackageReference section */

/* Begin XCSwiftPackageProductDependency section */
		BB9540EC285D75BC00EC5D45 /* Alamofire */ = {
			isa = XCSwiftPackageProductDependency;
			package = BB9540EB285D75BC00EC5D45 /* XCRemoteSwiftPackageReference "Alamofire" */;
			productName = Alamofire;
		};
/* End XCSwiftPackageProductDependency section */
	};
	rootObject = BB9540B0285D74D200EC5D45 /* Project object */;
}
